
Microsoft Visual Studio Solution File, Format Version 12.00
# Visual Studio Version 17
VisualStudioVersion = 17.7.34031.279
MinimumVisualStudioVersion = 10.0.40219.1
Project("{FAE04EC0-301F-11D3-BF4B-00C04F79EFBC}") = "SamokatWPF", "SamokatWPF.csproj", "{DE312210-BFED-4BC1-A895-430DB5DC829D}"
EndProject
Global
	GlobalSection(SolutionConfigurationPlatforms) = preSolution
		Debug|Any CPU = Debug|Any CPU
		Release|Any CPU = Release|Any CPU
	EndGlobalSection
	GlobalSection(ProjectConfigurationPlatforms) = postSolution
		{DE312210-BFED-4BC1-A895-430DB5DC829D}.Debug|Any CPU.ActiveCfg = Debug|Any CPU
		{DE312210-BFED-4BC1-A895-430DB5DC829D}.Debug|Any CPU.Build.0 = Debug|Any CPU
		{DE312210-BFED-4BC1-A895-430DB5DC829D}.Release|Any CPU.ActiveCfg = Release|Any CPU
		{DE312210-BFED-4BC1-A895-430DB5DC829D}.Release|Any CPU.Build.0 = Release|Any CPU
	EndGlobalSection
	GlobalSection(SolutionProperties) = preSolution
		HideSolutionNode = FALSE
	EndGlobalSection
	GlobalSection(ExtensibilityGlobals) = postSolution
		SolutionGuid = {11085800-65CE-4627-8093-F5235318C5DB}
	EndGlobalSection
EndGlobal
